// !$*UTF8*$!
{
	archiveVersion = 1;
	classes = {
	};
	objectVersion = 46;
	objects = {

/* Begin PBXBuildFile section */
		051E520C19FBB43700AAD15E /* OcuHUDLayer.swift in Sources */ = {isa = PBXBuildFile; fileRef = 051E520B19FBB43700AAD15E /* OcuHUDLayer.swift */; };
		053493A11AFF2DA200F3A0DE /* EVILViewController2.m in Sources */ = {isa = PBXBuildFile; fileRef = 053493A01AFF2DA200F3A0DE /* EVILViewController2.m */; };
		05DCE31119F9A80F0067EFBD /* main.m in Sources */ = {isa = PBXBuildFile; fileRef = 05DCE31019F9A80F0067EFBD /* main.m */; };
		05DCE31419F9A80F0067EFBD /* AppDelegate.m in Sources */ = {isa = PBXBuildFile; fileRef = 05DCE31319F9A80F0067EFBD /* AppDelegate.m */; };
		05DCE31A19F9A80F0067EFBD /* Main.storyboard in Resources */ = {isa = PBXBuildFile; fileRef = 05DCE31819F9A80F0067EFBD /* Main.storyboard */; };
		05DCE31C19F9A80F0067EFBD /* Images.xcassets in Resources */ = {isa = PBXBuildFile; fileRef = 05DCE31B19F9A80F0067EFBD /* Images.xcassets */; };
		05DCE31F19F9A80F0067EFBD /* LaunchScreen.xib in Resources */ = {isa = PBXBuildFile; fileRef = 05DCE31D19F9A80F0067EFBD /* LaunchScreen.xib */; };
		05DCE32B19F9A80F0067EFBD /* OcuCamTests.m in Sources */ = {isa = PBXBuildFile; fileRef = 05DCE32A19F9A80F0067EFBD /* OcuCamTests.m */; };
		05DCE33619FA49BC0067EFBD /* ExtVC.m in Sources */ = {isa = PBXBuildFile; fileRef = 05DCE33519FA49BC0067EFBD /* ExtVC.m */; };
		05DCE33819FA4E650067EFBD /* AVFoundation.framework in Frameworks */ = {isa = PBXBuildFile; fileRef = 05DCE33719FA4E650067EFBD /* AVFoundation.framework */; };
		05DCE34619FA89880067EFBD /* EVILLayer.m in Sources */ = {isa = PBXBuildFile; fileRef = 05DCE33A19FA89870067EFBD /* EVILLayer.m */; };
		05DCE34719FA89880067EFBD /* EVILViewController.m in Sources */ = {isa = PBXBuildFile; fileRef = 05DCE33C19FA89870067EFBD /* EVILViewController.m */; };
		05DCE34819FA89880067EFBD /* InnerGlow.png in Resources */ = {isa = PBXBuildFile; fileRef = 05DCE33D19FA89870067EFBD /* InnerGlow.png */; };
		05DCE34919FA89880067EFBD /* OuterGlow.png in Resources */ = {isa = PBXBuildFile; fileRef = 05DCE33E19FA89870067EFBD /* OuterGlow.png */; };
		05DCE35119FA8A5F0067EFBD /* sounds in Resources */ = {isa = PBXBuildFile; fileRef = 05DCE35019FA8A5F0067EFBD /* sounds */; };
		05F9620D1A0526D2008AD766 /* AsyncSocket.m in Sources */ = {isa = PBXBuildFile; fileRef = 05F962061A0526D2008AD766 /* AsyncSocket.m */; };
		05F9620E1A0526D2008AD766 /* TCAHPSimpleClient.m in Sources */ = {isa = PBXBuildFile; fileRef = 05F962081A0526D2008AD766 /* TCAHPSimpleClient.m */; };
		05F9620F1A0526D2008AD766 /* TCAHPSimpleServer.m in Sources */ = {isa = PBXBuildFile; fileRef = 05F9620A1A0526D2008AD766 /* TCAHPSimpleServer.m */; };
		05F962101A0526D2008AD766 /* TCAsyncHashProtocol.m in Sources */ = {isa = PBXBuildFile; fileRef = 05F9620C1A0526D2008AD766 /* TCAsyncHashProtocol.m */; };
/* End PBXBuildFile section */

/* Begin PBXContainerItemProxy section */
		05DCE32519F9A80F0067EFBD /* PBXContainerItemProxy */ = {
			isa = PBXContainerItemProxy;
			containerPortal = 05DCE30319F9A80F0067EFBD /* Project object */;
			proxyType = 1;
			remoteGlobalIDString = 05DCE30A19F9A80F0067EFBD;
			remoteInfo = OcuCam;
		};
		05F9621B1A0529FF008AD766 /* PBXContainerItemProxy */ = {
			isa = PBXContainerItemProxy;
			containerPortal = 05F962141A0529FF008AD766 /* CamStream.xcodeproj */;
			proxyType = 2;
			remoteGlobalIDString = 05A663921A0027C300422D78;
			remoteInfo = CamStream;
		};
		05F9621F1A0529FF008AD766 /* PBXContainerItemProxy */ = {
			isa = PBXContainerItemProxy;
			containerPortal = 05F962141A0529FF008AD766 /* CamStream.xcodeproj */;
			proxyType = 2;
			remoteGlobalIDString = 05A663CF1A00397100422D78;
			remoteInfo = CamRemoteViewer;
		};
/* End PBXContainerItemProxy section */

/* Begin PBXFileReference section */
		051E520A19FBB43600AAD15E /* OcuCam-Bridging-Header.h */ = {isa = PBXFileReference; lastKnownFileType = sourcecode.c.h; path = "OcuCam-Bridging-Header.h"; sourceTree = "<group>"; };
		051E520B19FBB43700AAD15E /* OcuHUDLayer.swift */ = {isa = PBXFileReference; fileEncoding = 4; lastKnownFileType = sourcecode.swift; path = OcuHUDLayer.swift; sourceTree = "<group>"; };
		0534939F1AFF2DA200F3A0DE /* EVILViewController2.h */ = {isa = PBXFileReference; fileEncoding = 4; lastKnownFileType = sourcecode.c.h; path = EVILViewController2.h; sourceTree = "<group>"; };
		053493A01AFF2DA200F3A0DE /* EVILViewController2.m */ = {isa = PBXFileReference; fileEncoding = 4; lastKnownFileType = sourcecode.c.objc; path = EVILViewController2.m; sourceTree = "<group>"; };
		05DCE30B19F9A80F0067EFBD /* OcuCam.app */ = {isa = PBXFileReference; explicitFileType = wrapper.application; includeInIndex = 0; path = OcuCam.app; sourceTree = BUILT_PRODUCTS_DIR; };
		05DCE30F19F9A80F0067EFBD /* Info.plist */ = {isa = PBXFileReference; lastKnownFileType = text.plist.xml; path = Info.plist; sourceTree = "<group>"; };
		05DCE31019F9A80F0067EFBD /* main.m */ = {isa = PBXFileReference; lastKnownFileType = sourcecode.c.objc; path = main.m; sourceTree = "<group>"; };
		05DCE31219F9A80F0067EFBD /* AppDelegate.h */ = {isa = PBXFileReference; lastKnownFileType = sourcecode.c.h; path = AppDelegate.h; sourceTree = "<group>"; };
		05DCE31319F9A80F0067EFBD /* AppDelegate.m */ = {isa = PBXFileReference; lastKnownFileType = sourcecode.c.objc; path = AppDelegate.m; sourceTree = "<group>"; };
		05DCE31919F9A80F0067EFBD /* Base */ = {isa = PBXFileReference; lastKnownFileType = file.storyboard; name = Base; path = Base.lproj/Main.storyboard; sourceTree = "<group>"; };
		05DCE31B19F9A80F0067EFBD /* Images.xcassets */ = {isa = PBXFileReference; lastKnownFileType = folder.assetcatalog; path = Images.xcassets; sourceTree = "<group>"; };
		05DCE31E19F9A80F0067EFBD /* Base */ = {isa = PBXFileReference; lastKnownFileType = file.xib; name = Base; path = Base.lproj/LaunchScreen.xib; sourceTree = "<group>"; };
		05DCE32419F9A80F0067EFBD /* OcuCamTests.xctest */ = {isa = PBXFileReference; explicitFileType = wrapper.cfbundle; includeInIndex = 0; path = OcuCamTests.xctest; sourceTree = BUILT_PRODUCTS_DIR; };
		05DCE32919F9A80F0067EFBD /* Info.plist */ = {isa = PBXFileReference; lastKnownFileType = text.plist.xml; path = Info.plist; sourceTree = "<group>"; };
		05DCE32A19F9A80F0067EFBD /* OcuCamTests.m */ = {isa = PBXFileReference; lastKnownFileType = sourcecode.c.objc; path = OcuCamTests.m; sourceTree = "<group>"; };
		05DCE33419FA49BC0067EFBD /* ExtVC.h */ = {isa = PBXFileReference; fileEncoding = 4; lastKnownFileType = sourcecode.c.h; path = ExtVC.h; sourceTree = "<group>"; };
		05DCE33519FA49BC0067EFBD /* ExtVC.m */ = {isa = PBXFileReference; fileEncoding = 4; lastKnownFileType = sourcecode.c.objc; path = ExtVC.m; sourceTree = "<group>"; };
		05DCE33719FA4E650067EFBD /* AVFoundation.framework */ = {isa = PBXFileReference; lastKnownFileType = wrapper.framework; name = AVFoundation.framework; path = System/Library/Frameworks/AVFoundation.framework; sourceTree = SDKROOT; };
		05DCE33919FA89870067EFBD /* EVILLayer.h */ = {isa = PBXFileReference; fileEncoding = 4; lastKnownFileType = sourcecode.c.h; path = EVILLayer.h; sourceTree = SOURCE_ROOT; };
		05DCE33A19FA89870067EFBD /* EVILLayer.m */ = {isa = PBXFileReference; fileEncoding = 4; lastKnownFileType = sourcecode.c.objc; path = EVILLayer.m; sourceTree = SOURCE_ROOT; };
		05DCE33B19FA89870067EFBD /* EVILViewController.h */ = {isa = PBXFileReference; fileEncoding = 4; lastKnownFileType = sourcecode.c.h; path = EVILViewController.h; sourceTree = SOURCE_ROOT; };
		05DCE33C19FA89870067EFBD /* EVILViewController.m */ = {isa = PBXFileReference; fileEncoding = 4; lastKnownFileType = sourcecode.c.objc; path = EVILViewController.m; sourceTree = SOURCE_ROOT; };
		05DCE33D19FA89870067EFBD /* InnerGlow.png */ = {isa = PBXFileReference; lastKnownFileType = image.png; path = InnerGlow.png; sourceTree = SOURCE_ROOT; };
		05DCE33E19FA89870067EFBD /* OuterGlow.png */ = {isa = PBXFileReference; lastKnownFileType = image.png; path = OuterGlow.png; sourceTree = SOURCE_ROOT; };
		05DCE35019FA8A5F0067EFBD /* sounds */ = {isa = PBXFileReference; lastKnownFileType = folder; name = sounds; path = "../../../Dev/halloween-cyborg/CylonicCA/sounds"; sourceTree = "<group>"; };
		05F962051A0526D2008AD766 /* AsyncSocket.h */ = {isa = PBXFileReference; fileEncoding = 4; lastKnownFileType = sourcecode.c.h; name = AsyncSocket.h; path = CamStream/Vendor/CocoaAsyncSocket/RunLoop/AsyncSocket.h; sourceTree = SOURCE_ROOT; };
		05F962061A0526D2008AD766 /* AsyncSocket.m */ = {isa = PBXFileReference; fileEncoding = 4; lastKnownFileType = sourcecode.c.objc; name = AsyncSocket.m; path = CamStream/Vendor/CocoaAsyncSocket/RunLoop/AsyncSocket.m; sourceTree = SOURCE_ROOT; };
		05F962071A0526D2008AD766 /* TCAHPSimpleClient.h */ = {isa = PBXFileReference; fileEncoding = 4; lastKnownFileType = sourcecode.c.h; name = TCAHPSimpleClient.h; path = CamStream/Vendor/TCAsyncHashProtocol/TCAHPSimpleClient.h; sourceTree = SOURCE_ROOT; };
		05F962081A0526D2008AD766 /* TCAHPSimpleClient.m */ = {isa = PBXFileReference; fileEncoding = 4; lastKnownFileType = sourcecode.c.objc; name = TCAHPSimpleClient.m; path = CamStream/Vendor/TCAsyncHashProtocol/TCAHPSimpleClient.m; sourceTree = SOURCE_ROOT; };
		05F962091A0526D2008AD766 /* TCAHPSimpleServer.h */ = {isa = PBXFileReference; fileEncoding = 4; lastKnownFileType = sourcecode.c.h; name = TCAHPSimpleServer.h; path = CamStream/Vendor/TCAsyncHashProtocol/TCAHPSimpleServer.h; sourceTree = SOURCE_ROOT; };
		05F9620A1A0526D2008AD766 /* TCAHPSimpleServer.m */ = {isa = PBXFileReference; fileEncoding = 4; lastKnownFileType = sourcecode.c.objc; name = TCAHPSimpleServer.m; path = CamStream/Vendor/TCAsyncHashProtocol/TCAHPSimpleServer.m; sourceTree = SOURCE_ROOT; };
		05F9620B1A0526D2008AD766 /* TCAsyncHashProtocol.h */ = {isa = PBXFileReference; fileEncoding = 4; lastKnownFileType = sourcecode.c.h; name = TCAsyncHashProtocol.h; path = CamStream/Vendor/TCAsyncHashProtocol/TCAsyncHashProtocol.h; sourceTree = SOURCE_ROOT; };
		05F9620C1A0526D2008AD766 /* TCAsyncHashProtocol.m */ = {isa = PBXFileReference; fileEncoding = 4; lastKnownFileType = sourcecode.c.objc; name = TCAsyncHashProtocol.m; path = CamStream/Vendor/TCAsyncHashProtocol/TCAsyncHashProtocol.m; sourceTree = SOURCE_ROOT; };
		05F962141A0529FF008AD766 /* CamStream.xcodeproj */ = {isa = PBXFileReference; lastKnownFileType = "wrapper.pb-project"; name = CamStream.xcodeproj; path = CamStream/CamStream.xcodeproj; sourceTree = "<group>"; };
/* End PBXFileReference section */

/* Begin PBXFrameworksBuildPhase section */
		05DCE30819F9A80F0067EFBD /* Frameworks */ = {
			isa = PBXFrameworksBuildPhase;
			buildActionMask = 2147483647;
			files = (
				05DCE33819FA4E650067EFBD /* AVFoundation.framework in Frameworks */,
			);
			runOnlyForDeploymentPostprocessing = 0;
		};
		05DCE32119F9A80F0067EFBD /* Frameworks */ = {
			isa = PBXFrameworksBuildPhase;
			buildActionMask = 2147483647;
			files = (
			);
			runOnlyForDeploymentPostprocessing = 0;
		};
/* End PBXFrameworksBuildPhase section */

/* Begin PBXGroup section */
		05DCE30219F9A80F0067EFBD = {
			isa = PBXGroup;
			children = (
				05DCE33719FA4E650067EFBD /* AVFoundation.framework */,
				05DCE30D19F9A80F0067EFBD /* OcuCam */,
				05DCE32719F9A80F0067EFBD /* OcuCamTests */,
				05DCE30C19F9A80F0067EFBD /* Products */,
				05F962141A0529FF008AD766 /* CamStream.xcodeproj */,
			);
			sourceTree = "<group>";
		};
		05DCE30C19F9A80F0067EFBD /* Products */ = {
			isa = PBXGroup;
			children = (
				05DCE30B19F9A80F0067EFBD /* OcuCam.app */,
				05DCE32419F9A80F0067EFBD /* OcuCamTests.xctest */,
			);
			name = Products;
			sourceTree = "<group>";
		};
		05DCE30D19F9A80F0067EFBD /* OcuCam */ = {
			isa = PBXGroup;
			children = (
				05DCE31219F9A80F0067EFBD /* AppDelegate.h */,
				05DCE31319F9A80F0067EFBD /* AppDelegate.m */,
				05DCE33419FA49BC0067EFBD /* ExtVC.h */,
				05DCE33519FA49BC0067EFBD /* ExtVC.m */,
				05DCE33919FA89870067EFBD /* EVILLayer.h */,
				05DCE33A19FA89870067EFBD /* EVILLayer.m */,
				05DCE33B19FA89870067EFBD /* EVILViewController.h */,
				05DCE33C19FA89870067EFBD /* EVILViewController.m */,
				0534939F1AFF2DA200F3A0DE /* EVILViewController2.h */,
				053493A01AFF2DA200F3A0DE /* EVILViewController2.m */,
				051E520B19FBB43700AAD15E /* OcuHUDLayer.swift */,
				05DCE33D19FA89870067EFBD /* InnerGlow.png */,
				05DCE33E19FA89870067EFBD /* OuterGlow.png */,
				05F962051A0526D2008AD766 /* AsyncSocket.h */,
				05F962061A0526D2008AD766 /* AsyncSocket.m */,
				05F962071A0526D2008AD766 /* TCAHPSimpleClient.h */,
				05F962081A0526D2008AD766 /* TCAHPSimpleClient.m */,
				05F962091A0526D2008AD766 /* TCAHPSimpleServer.h */,
				05F9620A1A0526D2008AD766 /* TCAHPSimpleServer.m */,
				05F9620B1A0526D2008AD766 /* TCAsyncHashProtocol.h */,
				05F9620C1A0526D2008AD766 /* TCAsyncHashProtocol.m */,
				05DCE35019FA8A5F0067EFBD /* sounds */,
				05DCE31819F9A80F0067EFBD /* Main.storyboard */,
				05DCE31B19F9A80F0067EFBD /* Images.xcassets */,
				05DCE31D19F9A80F0067EFBD /* LaunchScreen.xib */,
				05DCE30E19F9A80F0067EFBD /* Supporting Files */,
				051E520A19FBB43600AAD15E /* OcuCam-Bridging-Header.h */,
			);
			path = OcuCam;
			sourceTree = "<group>";
		};
		05DCE30E19F9A80F0067EFBD /* Supporting Files */ = {
			isa = PBXGroup;
			children = (
				05DCE30F19F9A80F0067EFBD /* Info.plist */,
				05DCE31019F9A80F0067EFBD /* main.m */,
			);
			name = "Supporting Files";
			sourceTree = "<group>";
		};
		05DCE32719F9A80F0067EFBD /* OcuCamTests */ = {
			isa = PBXGroup;
			children = (
				05DCE32A19F9A80F0067EFBD /* OcuCamTests.m */,
				05DCE32819F9A80F0067EFBD /* Supporting Files */,
			);
			path = OcuCamTests;
			sourceTree = "<group>";
		};
		05DCE32819F9A80F0067EFBD /* Supporting Files */ = {
			isa = PBXGroup;
			children = (
				05DCE32919F9A80F0067EFBD /* Info.plist */,
			);
			name = "Supporting Files";
			sourceTree = "<group>";
		};
		05F962151A0529FF008AD766 /* Products */ = {
			isa = PBXGroup;
			children = (
				05F9621C1A0529FF008AD766 /* CamStream.app */,
				05F962201A0529FF008AD766 /* CamRemoteViewer.app */,
			);
			name = Products;
			sourceTree = "<group>";
		};
/* End PBXGroup section */

/* Begin PBXNativeTarget section */
		05DCE30A19F9A80F0067EFBD /* OcuCam */ = {
			isa = PBXNativeTarget;
			buildConfigurationList = 05DCE32E19F9A80F0067EFBD /* Build configuration list for PBXNativeTarget "OcuCam" */;
			buildPhases = (
				05DCE30719F9A80F0067EFBD /* Sources */,
				05DCE30819F9A80F0067EFBD /* Frameworks */,
				05DCE30919F9A80F0067EFBD /* Resources */,
			);
			buildRules = (
			);
			dependencies = (
			);
			name = OcuCam;
			productName = OcuCam;
			productReference = 05DCE30B19F9A80F0067EFBD /* OcuCam.app */;
			productType = "com.apple.product-type.application";
		};
		05DCE32319F9A80F0067EFBD /* OcuCamTests */ = {
			isa = PBXNativeTarget;
			buildConfigurationList = 05DCE33119F9A80F0067EFBD /* Build configuration list for PBXNativeTarget "OcuCamTests" */;
			buildPhases = (
				05DCE32019F9A80F0067EFBD /* Sources */,
				05DCE32119F9A80F0067EFBD /* Frameworks */,
				05DCE32219F9A80F0067EFBD /* Resources */,
			);
			buildRules = (
			);
			dependencies = (
				05DCE32619F9A80F0067EFBD /* PBXTargetDependency */,
			);
			name = OcuCamTests;
			productName = OcuCamTests;
			productReference = 05DCE32419F9A80F0067EFBD /* OcuCamTests.xctest */;
			productType = "com.apple.product-type.bundle.unit-test";
		};
/* End PBXNativeTarget section */

/* Begin PBXProject section */
		05DCE30319F9A80F0067EFBD /* Project object */ = {
			isa = PBXProject;
			attributes = {
				LastUpgradeCheck = 0610;
				ORGANIZATIONNAME = Thirdcog;
				TargetAttributes = {
					05DCE30A19F9A80F0067EFBD = {
						CreatedOnToolsVersion = 6.1;
						DevelopmentTeam = M4Q2TE45WT;
					};
					05DCE32319F9A80F0067EFBD = {
						CreatedOnToolsVersion = 6.1;
						TestTargetID = 05DCE30A19F9A80F0067EFBD;
					};
				};
			};
			buildConfigurationList = 05DCE30619F9A80F0067EFBD /* Build configuration list for PBXProject "OcuCam" */;
			compatibilityVersion = "Xcode 3.2";
			developmentRegion = English;
			hasScannedForEncodings = 0;
			knownRegions = (
				en,
				Base,
			);
			mainGroup = 05DCE30219F9A80F0067EFBD;
			productRefGroup = 05DCE30C19F9A80F0067EFBD /* Products */;
			projectDirPath = "";
			projectReferences = (
				{
					ProductGroup = 05F962151A0529FF008AD766 /* Products */;
					ProjectRef = 05F962141A0529FF008AD766 /* CamStream.xcodeproj */;
				},
			);
			projectRoot = "";
			targets = (
				05DCE30A19F9A80F0067EFBD /* OcuCam */,
				05DCE32319F9A80F0067EFBD /* OcuCamTests */,
			);
		};
/* End PBXProject section */

/* Begin PBXReferenceProxy section */
		05F9621C1A0529FF008AD766 /* CamStream.app */ = {
			isa = PBXReferenceProxy;
			fileType = wrapper.application;
			path = CamStream.app;
			remoteRef = 05F9621B1A0529FF008AD766 /* PBXContainerItemProxy */;
			sourceTree = BUILT_PRODUCTS_DIR;
		};
		05F962201A0529FF008AD766 /* CamRemoteViewer.app */ = {
			isa = PBXReferenceProxy;
			fileType = wrapper.application;
			path = CamRemoteViewer.app;
			remoteRef = 05F9621F1A0529FF008AD766 /* PBXContainerItemProxy */;
			sourceTree = BUILT_PRODUCTS_DIR;
		};
/* End PBXReferenceProxy section */

/* Begin PBXResourcesBuildPhase section */
		05DCE30919F9A80F0067EFBD /* Resources */ = {
			isa = PBXResourcesBuildPhase;
			buildActionMask = 2147483647;
			files = (
				05DCE31A19F9A80F0067EFBD /* Main.storyboard in Resources */,
				05DCE34919FA89880067EFBD /* OuterGlow.png in Resources */,
				05DCE35119FA8A5F0067EFBD /* sounds in Resources */,
				05DCE34819FA89880067EFBD /* InnerGlow.png in Resources */,
				05DCE31F19F9A80F0067EFBD /* LaunchScreen.xib in Resources */,
				05DCE31C19F9A80F0067EFBD /* Images.xcassets in Resources */,
			);
			runOnlyForDeploymentPostprocessing = 0;
		};
		05DCE32219F9A80F0067EFBD /* Resources */ = {
			isa = PBXResourcesBuildPhase;
			buildActionMask = 2147483647;
			files = (
			);
			runOnlyForDeploymentPostprocessing = 0;
		};
/* End PBXResourcesBuildPhase section */

/* Begin PBXSourcesBuildPhase section */
		05DCE30719F9A80F0067EFBD /* Sources */ = {
			isa = PBXSourcesBuildPhase;
			buildActionMask = 2147483647;
			files = (
				05DCE33619FA49BC0067EFBD /* ExtVC.m in Sources */,
				05DCE31419F9A80F0067EFBD /* AppDelegate.m in Sources */,
				05DCE31119F9A80F0067EFBD /* main.m in Sources */,
				05F962101A0526D2008AD766 /* TCAsyncHashProtocol.m in Sources */,
				05DCE34619FA89880067EFBD /* EVILLayer.m in Sources */,
				05DCE34719FA89880067EFBD /* EVILViewController.m in Sources */,
				051E520C19FBB43700AAD15E /* OcuHUDLayer.swift in Sources */,
				05F9620D1A0526D2008AD766 /* AsyncSocket.m in Sources */,
				05F9620E1A0526D2008AD766 /* TCAHPSimpleClient.m in Sources */,
				053493A11AFF2DA200F3A0DE /* EVILViewController2.m in Sources */,
				05F9620F1A0526D2008AD766 /* TCAHPSimpleServer.m in Sources */,
			);
			runOnlyForDeploymentPostprocessing = 0;
		};
		05DCE32019F9A80F0067EFBD /* Sources */ = {
			isa = PBXSourcesBuildPhase;
			buildActionMask = 2147483647;
			files = (
				05DCE32B19F9A80F0067EFBD /* OcuCamTests.m in Sources */,
			);
			runOnlyForDeploymentPostprocessing = 0;
		};
/* End PBXSourcesBuildPhase section */

/* Begin PBXTargetDependency section */
		05DCE32619F9A80F0067EFBD /* PBXTargetDependency */ = {
			isa = PBXTargetDependency;
			target = 05DCE30A19F9A80F0067EFBD /* OcuCam */;
			targetProxy = 05DCE32519F9A80F0067EFBD /* PBXContainerItemProxy */;
		};
/* End PBXTargetDependency section */

/* Begin PBXVariantGroup section */
		05DCE31819F9A80F0067EFBD /* Main.storyboard */ = {
			isa = PBXVariantGroup;
			children = (
				05DCE31919F9A80F0067EFBD /* Base */,
			);
			name = Main.storyboard;
			sourceTree = "<group>";
		};
		05DCE31D19F9A80F0067EFBD /* LaunchScreen.xib */ = {
			isa = PBXVariantGroup;
			children = (
				05DCE31E19F9A80F0067EFBD /* Base */,
			);
			name = LaunchScreen.xib;
			sourceTree = "<group>";
		};
/* End PBXVariantGroup section */

/* Begin XCBuildConfiguration section */
		05DCE32C19F9A80F0067EFBD /* Debug */ = {
			isa = XCBuildConfiguration;
			buildSettings = {
				ALWAYS_SEARCH_USER_PATHS = NO;
				CLANG_CXX_LANGUAGE_STANDARD = "gnu++0x";
				CLANG_CXX_LIBRARY = "libc++";
				CLANG_ENABLE_MODULES = YES;
				CLANG_ENABLE_OBJC_ARC = YES;
				CLANG_WARN_BOOL_CONVERSION = YES;
				CLANG_WARN_CONSTANT_CONVERSION = YES;
				CLANG_WARN_DIRECT_OBJC_ISA_USAGE = YES_ERROR;
				CLANG_WARN_EMPTY_BODY = YES;
				CLANG_WARN_ENUM_CONVERSION = YES;
				CLANG_WARN_INT_CONVERSION = YES;
				CLANG_WARN_OBJC_ROOT_CLASS = YES_ERROR;
				CLANG_WARN_UNREACHABLE_CODE = YES;
				CLANG_WARN__DUPLICATE_METHOD_MATCH = YES;
				"CODE_SIGN_IDENTITY[sdk=iphoneos*]" = "iPhone Developer";
				COPY_PHASE_STRIP = NO;
				ENABLE_STRICT_OBJC_MSGSEND = YES;
				GCC_C_LANGUAGE_STANDARD = gnu99;
				GCC_DYNAMIC_NO_PIC = NO;
				GCC_OPTIMIZATION_LEVEL = 0;
				GCC_PREPROCESSOR_DEFINITIONS = (
					"DEBUG=1",
					"$(inherited)",
				);
				GCC_SYMBOLS_PRIVATE_EXTERN = NO;
				GCC_WARN_64_TO_32_BIT_CONVERSION = YES;
				GCC_WARN_ABOUT_RETURN_TYPE = YES_ERROR;
				GCC_WARN_UNDECLARED_SELECTOR = YES;
				GCC_WARN_UNINITIALIZED_AUTOS = YES_AGGRESSIVE;
				GCC_WARN_UNUSED_FUNCTION = YES;
				GCC_WARN_UNUSED_VARIABLE = YES;
				IPHONEOS_DEPLOYMENT_TARGET = 8.1;
				MTL_ENABLE_DEBUG_INFO = YES;
				ONLY_ACTIVE_ARCH = YES;
				SDKROOT = iphoneos;
				TARGETED_DEVICE_FAMILY = "1,2";
			};
			name = Debug;
		};
		05DCE32D19F9A80F0067EFBD /* Release */ = {
			isa = XCBuildConfiguration;
			buildSettings = {
				ALWAYS_SEARCH_USER_PATHS = NO;
				CLANG_CXX_LANGUAGE_STANDARD = "gnu++0x";
				CLANG_CXX_LIBRARY = "libc++";
				CLANG_ENABLE_MODULES = YES;
				CLANG_ENABLE_OBJC_ARC = YES;
				CLANG_WARN_BOOL_CONVERSION = YES;
				CLANG_WARN_CONSTANT_CONVERSION = YES;
				CLANG_WARN_DIRECT_OBJC_ISA_USAGE = YES_ERROR;
				CLANG_WARN_EMPTY_BODY = YES;
				CLANG_WARN_ENUM_CONVERSION = YES;
				CLANG_WARN_INT_CONVERSION = YES;
				CLANG_WARN_OBJC_ROOT_CLASS = YES_ERROR;
				CLANG_WARN_UNREACHABLE_CODE = YES;
				CLANG_WARN__DUPLICATE_METHOD_MATCH = YES;
				"CODE_SIGN_IDENTITY[sdk=iphoneos*]" = "iPhone Developer";
				COPY_PHASE_STRIP = YES;
				ENABLE_NS_ASSERTIONS = NO;
				ENABLE_STRICT_OBJC_MSGSEND = YES;
				GCC_C_LANGUAGE_STANDARD = gnu99;
				GCC_WARN_64_TO_32_BIT_CONVERSION = YES;
				GCC_WARN_ABOUT_RETURN_TYPE = YES_ERROR;
				GCC_WARN_UNDECLARED_SELECTOR = YES;
				GCC_WARN_UNINITIALIZED_AUTOS = YES_AGGRESSIVE;
				GCC_WARN_UNUSED_FUNCTION = YES;
				GCC_WARN_UNUSED_VARIABLE = YES;
				IPHONEOS_DEPLOYMENT_TARGET = 8.1;
				MTL_ENABLE_DEBUG_INFO = NO;
				SDKROOT = iphoneos;
				TARGETED_DEVICE_FAMILY = "1,2";
				VALIDATE_PRODUCT = YES;
			};
			name = Release;
		};
		05DCE32F19F9A80F0067EFBD /* Debug */ = {
			isa = XCBuildConfiguration;
			buildSettings = {
				ASSETCATALOG_COMPILER_APPICON_NAME = AppIcon;
				CLANG_ENABLE_MODULES = YES;
				CODE_SIGN_IDENTITY = "iPhone Developer";
				"CODE_SIGN_IDENTITY[sdk=iphoneos*]" = "iPhone Developer";
				INFOPLIST_FILE = OcuCam/Info.plist;
				LD_RUNPATH_SEARCH_PATHS = "$(inherited) @executable_path/Frameworks";
				PRODUCT_NAME = "$(TARGET_NAME)";
				PROVISIONING_PROFILE = "";
				SWIFT_OBJC_BRIDGING_HEADER = "OcuCam/OcuCam-Bridging-Header.h";
				SWIFT_OPTIMIZATION_LEVEL = "-Onone";
			};
			name = Debug;
		};
		05DCE33019F9A80F0067EFBD /* Release */ = {
			isa = XCBuildConfiguration;
			buildSettings = {
				ASSETCATALOG_COMPILER_APPICON_NAME = AppIcon;
				CLANG_ENABLE_MODULES = YES;
				CODE_SIGN_IDENTITY = "iPhone Developer";
				"CODE_SIGN_IDENTITY[sdk=iphoneos*]" = "iPhone Developer";
				INFOPLIST_FILE = OcuCam/Info.plist;
				LD_RUNPATH_SEARCH_PATHS = "$(inherited) @executable_path/Frameworks";
				PRODUCT_NAME = "$(TARGET_NAME)";
				PROVISIONING_PROFILE = "";
				SWIFT_OBJC_BRIDGING_HEADER = "OcuCam/OcuCam-Bridging-Header.h";
			};
			name = Release;
		};
		05DCE33219F9A80F0067EFBD /* Debug */ = {
			isa = XCBuildConfiguration;
			buildSettings = {
				BUNDLE_LOADER = "$(TEST_HOST)";
				FRAMEWORK_SEARCH_PATHS = (
					"$(SDKROOT)/Developer/Library/Frameworks",
					"$(inherited)",
				);
				GCC_PREPROCESSOR_DEFINITIONS = (
					"DEBUG=1",
					"$(inherited)",
				);
				INFOPLIST_FILE = OcuCamTests/Info.plist;
				LD_RUNPATH_SEARCH_PATHS = "$(inherited) @executable_path/Frameworks @loader_path/Frameworks";
				PRODUCT_NAME = "$(TARGET_NAME)";
				TEST_HOST = "$(BUILT_PRODUCTS_DIR)/OcuCam.app/OcuCam";
			};
			name = Debug;
		};
		05DCE33319F9A80F0067EFBD /* Release */ = {
			isa = XCBuildConfiguration;
			buildSettings = {
				BUNDLE_LOADER = "$(TEST_HOST)";
				FRAMEWORK_SEARCH_PATHS = (
					"$(SDKROOT)/Developer/Library/Frameworks",
					"$(inherited)",
				);
				INFOPLIST_FILE = OcuCamTests/Info.plist;
				LD_RUNPATH_SEARCH_PATHS = "$(inherited) @executable_path/Frameworks @loader_path/Frameworks";
				PRODUCT_NAME = "$(TARGET_NAME)";
				TEST_HOST = "$(BUILT_PRODUCTS_DIR)/OcuCam.app/OcuCam";
			};
			name = Release;
		};
/* End XCBuildConfiguration section */

/* Begin XCConfigurationList section */
		05DCE30619F9A80F0067EFBD /* Build configuration list for PBXProject "OcuCam" */ = {
			isa = XCConfigurationList;
			buildConfigurations = (
				05DCE32C19F9A80F0067EFBD /* Debug */,
				05DCE32D19F9A80F0067EFBD /* Release */,
			);
			defaultConfigurationIsVisible = 0;
			defaultConfigurationName = Release;
		};
		05DCE32E19F9A80F0067EFBD /* Build configuration list for PBXNativeTarget "OcuCam" */ = {
			isa = XCConfigurationList;
			buildConfigurations = (
				05DCE32F19F9A80F0067EFBD /* Debug */,
				05DCE33019F9A80F0067EFBD /* Release */,
			);
			defaultConfigurationIsVisible = 0;
			defaultConfigurationName = Release;
		};
		05DCE33119F9A80F0067EFBD /* Build configuration list for PBXNativeTarget "OcuCamTests" */ = {
			isa = XCConfigurationList;
			buildConfigurations = (
				05DCE33219F9A80F0067EFBD /* Debug */,
				05DCE33319F9A80F0067EFBD /* Release */,
			);
			defaultConfigurationIsVisible = 0;
			defaultConfigurationName = Release;
		};
/* End XCConfigurationList section */
	};
	rootObject = 05DCE30319F9A80F0067EFBD /* Project object */;
}
